
Microsoft Visual Studio Solution File, Format Version 12.00
# Visual Studio 15
VisualStudioVersion = 15.0.28307.1622
MinimumVisualStudioVersion = 10.0.40219.1
Project("{FAE04EC0-301F-11D3-BF4B-00C04F79EFBC}") = "StrandedWideMod_Harmony", "StrandedWideMod_Harmony\StrandedWideMod_Harmony.csproj", "{A0A3863A-E476-4ECC-AFB4-620279FBA8EE}"
EndProject
Global
	GlobalSection(SolutionConfigurationPlatforms) = preSolution
		Debug|Any CPU = Debug|Any CPU
		Release|Any CPU = Release|Any CPU
	EndGlobalSection
	GlobalSection(ProjectConfigurationPlatforms) = postSolution
		{4FD91285-6F1B-40FC-B62F-7E7A45FFC274}.Debug|Any CPU.ActiveCfg = Debug|Any CPU
		{4FD91285-6F1B-40FC-B62F-7E7A45FFC274}.Debug|Any CPU.Build.0 = Debug|Any CPU
		{4FD91285-6F1B-40FC-B62F-7E7A45FFC274}.Release|Any CPU.ActiveCfg = Release|Any CPU
		{4FD91285-6F1B-40FC-B62F-7E7A45FFC274}.Release|Any CPU.Build.0 = Release|Any CPU
		{A2D95CE3-9D22-40DE-8CF0-B391A6859E05}.Debug|Any CPU.ActiveCfg = Debug|Any CPU
		{A2D95CE3-9D22-40DE-8CF0-B391A6859E05}.Debug|Any CPU.Build.0 = Debug|Any CPU
		{A2D95CE3-9D22-40DE-8CF0-B391A6859E05}.Release|Any CPU.ActiveCfg = Release|Any CPU
		{A2D95CE3-9D22-40DE-8CF0-B391A6859E05}.Release|Any CPU.Build.0 = Release|Any CPU
		{652F6C8A-A591-4103-A6A1-CAEEDC619388}.Debug|Any CPU.ActiveCfg = Debug|Any CPU
		{652F6C8A-A591-4103-A6A1-CAEEDC619388}.Debug|Any CPU.Build.0 = Debug|Any CPU
		{652F6C8A-A591-4103-A6A1-CAEEDC619388}.Release|Any CPU.ActiveCfg = Release|Any CPU
		{652F6C8A-A591-4103-A6A1-CAEEDC619388}.Release|Any CPU.Build.0 = Release|Any CPU
		{324D5C7C-C863-470A-82B0-5ADDB620B9D2}.Debug|Any CPU.ActiveCfg = Debug|Any CPU
		{324D5C7C-C863-470A-82B0-5ADDB620B9D2}.Debug|Any CPU.Build.0 = Debug|Any CPU
		{324D5C7C-C863-470A-82B0-5ADDB620B9D2}.Release|Any CPU.ActiveCfg = Release|Any CPU
		{324D5C7C-C863-470A-82B0-5ADDB620B9D2}.Release|Any CPU.Build.0 = Release|Any CPU
		{6B9040C5-D993-48AF-BC25-EB02B6FB704C}.Debug|Any CPU.ActiveCfg = Debug|Any CPU
		{6B9040C5-D993-48AF-BC25-EB02B6FB704C}.Debug|Any CPU.Build.0 = Debug|Any CPU
		{6B9040C5-D993-48AF-BC25-EB02B6FB704C}.Release|Any CPU.ActiveCfg = Release|Any CPU
		{6B9040C5-D993-48AF-BC25-EB02B6FB704C}.Release|Any CPU.Build.0 = Release|Any CPU
		{099646D6-4C5E-4977-9D73-81CB4D9F7775}.Debug|Any CPU.ActiveCfg = Debug|Any CPU
		{099646D6-4C5E-4977-9D73-81CB4D9F7775}.Debug|Any CPU.Build.0 = Debug|Any CPU
		{099646D6-4C5E-4977-9D73-81CB4D9F7775}.Release|Any CPU.ActiveCfg = Release|Any CPU
		{099646D6-4C5E-4977-9D73-81CB4D9F7775}.Release|Any CPU.Build.0 = Release|Any CPU
		{A0A3863A-E476-4ECC-AFB4-620279FBA8EE}.Debug|Any CPU.ActiveCfg = Debug|Any CPU
		{A0A3863A-E476-4ECC-AFB4-620279FBA8EE}.Debug|Any CPU.Build.0 = Debug|Any CPU
		{A0A3863A-E476-4ECC-AFB4-620279FBA8EE}.Release|Any CPU.ActiveCfg = Release|Any CPU
		{A0A3863A-E476-4ECC-AFB4-620279FBA8EE}.Release|Any CPU.Build.0 = Release|Any CPU
	EndGlobalSection
	GlobalSection(SolutionProperties) = preSolution
		HideSolutionNode = FALSE
	EndGlobalSection
	GlobalSection(ExtensibilityGlobals) = postSolution
		SolutionGuid = {45BE3338-929F-4CCA-9BEF-3665E27FF88A}
	EndGlobalSection
EndGlobal
